github.com/go-ego/cedar v0.10.2 h1:0AQkBNfHAzuUn306v0ydMXAawHoIdxiYwN1+2XvFySw=
github.com/go-ego/cedar v0.10.2/go.mod h1:OlEbpcRpzwp69CoCXPJTmrOzELoGAmFDgW3hdWrHHc0=
github.com/vcaesar/tt v0.11.0 h1:obQecjgbnAxxC6OYGY6yDvhGRW2PR5wD8Ma2uJH3WGA=
github.com/vcaesar/tt v0.11.0/go.mod h1:GHPxQYhn+7OgKakRusH7KJ0M5MhywoeLb8Fcffs/Gtg=
