github.com/vcaesar/cedar v0.10.0 h1:+W/0e9XPhn5jTSsPZceK7lCmJl74khbJk29IhFyifvo=
github.com/vcaesar/cedar v0.10.0/go.mod h1:iMDweyuW76RvSrCkQeZeQk4iCbshiPzcCvcGCtpM7iI=
github.com/vcaesar/tt v0.20.0 h1:9t2Ycb9RNHcP0WgQgIaRKJBB+FrRdejuaL6uWIHuoBA=
github.com/vcaesar/tt v0.20.0/go.mod h1:GHPxQYhn+7OgKakRusH7KJ0M5MhywoeLb8Fcffs/Gtg=
