# This file is autogenerated, do not edit; changes may be undone by the next 'dep ensure'.


[[projects]]
  branch = "master"
  name = "github.com/go-ego/cedar"
  packages = ["."]
  revision = "4fc66f191550e645bf2285eb0468bc59c249e90d"

[[projects]]
  branch = "master"
  name = "github.com/vcaesar/tt"
  packages = ["."]
  revision = "7089d2bb06d77214951b387bded252993f105022"

[solve-meta]
  analyzer-name = "dep"
  analyzer-version = 1
  inputs-digest = "e7f95d7aa5572a5d63d68ac0ac960c325f9c29fab95419e0ec24688333fb8c6b"
  solver-name = "gps-cdcl"
  solver-version = 1
