# This file is autogenerated, do not edit; changes may be undone by the next 'dep ensure'.


[[projects]]
  branch = "master"
  name = "github.com/go-ego/cedar"
  packages = ["."]
  revision = "5c9b4f52f68433d3ff66bfbed192e20fdc6d315c"

[[projects]]
  branch = "master"
  name = "github.com/vcaesar/tt"
  packages = ["."]
  revision = "81d0e77da4930b75efc7012a81f4fd85528f6e45"

[solve-meta]
  analyzer-name = "dep"
  analyzer-version = 1
  inputs-digest = "e7f95d7aa5572a5d63d68ac0ac960c325f9c29fab95419e0ec24688333fb8c6b"
  solver-name = "gps-cdcl"
  solver-version = 1
