# This file is autogenerated, do not edit; changes may be undone by the next 'dep ensure'.


[[projects]]
  branch = "master"
  name = "github.com/go-ego/cedar"
  packages = ["."]
  revision = "a5dec5bcdedc33b64df5370caa662d4a318f882a"

[[projects]]
  branch = "master"
  name = "github.com/vcaesar/tt"
  packages = ["."]
  revision = "06df0938daf00336883354c1c267b36e642b2e3a"

[solve-meta]
  analyzer-name = "dep"
  analyzer-version = 1
  inputs-digest = "e7f95d7aa5572a5d63d68ac0ac960c325f9c29fab95419e0ec24688333fb8c6b"
  solver-name = "gps-cdcl"
  solver-version = 1
